
Microsoft Visual Studio Solution File, Format Version 12.00
# Visual Studio Version 16
VisualStudioVersion = 16.0.31727.386
MinimumVisualStudioVersion = 10.0.40219.1
Project("{8BC9CEB8-8B4A-11D0-8D11-00A0C91BC942}") = "One", "One\One.vcxproj", "{BCD32ADE-606F-4646-B82C-08439526A9F9}"
EndProject
Project("{8BC9CEB8-8B4A-11D0-8D11-00A0C91BC942}") = "Two", "Two\Two.vcxproj", "{B7E21096-E2AA-4858-A39E-855B2B0F4618}"
EndProject
Project("{8BC9CEB8-8B4A-11D0-8D11-00A0C91BC942}") = "three", "three\three.vcxproj", "{E0150D40-902A-4D3E-BFDF-BC7AE3C357F9}"
EndProject
Project("{8BC9CEB8-8B4A-11D0-8D11-00A0C91BC942}") = "four", "four\four.vcxproj", "{DE7A1EEA-53FD-4FC6-87A7-B784BBEF1E97}"
EndProject
Project("{8BC9CEB8-8B4A-11D0-8D11-00A0C91BC942}") = "five", "five\five.vcxproj", "{24156A6D-60B7-487A-8B70-D5EDCE92D056}"
EndProject
Project("{8BC9CEB8-8B4A-11D0-8D11-00A0C91BC942}") = "six", "six\six.vcxproj", "{F070AC2B-BFFF-4629-9B49-4745E585D1D7}"
EndProject
Project("{8BC9CEB8-8B4A-11D0-8D11-00A0C91BC942}") = "seven", "seven\seven.vcxproj", "{212D5A38-C1A9-4CB4-BF94-8D812A9DF685}"
EndProject
Global
	GlobalSection(SolutionConfigurationPlatforms) = preSolution
		Debug|x64 = Debug|x64
		Debug|x86 = Debug|x86
		Release|x64 = Release|x64
		Release|x86 = Release|x86
	EndGlobalSection
	GlobalSection(ProjectConfigurationPlatforms) = postSolution
		{BCD32ADE-606F-4646-B82C-08439526A9F9}.Debug|x64.ActiveCfg = Debug|x64
		{BCD32ADE-606F-4646-B82C-08439526A9F9}.Debug|x64.Build.0 = Debug|x64
		{BCD32ADE-606F-4646-B82C-08439526A9F9}.Debug|x86.ActiveCfg = Debug|Win32
		{BCD32ADE-606F-4646-B82C-08439526A9F9}.Debug|x86.Build.0 = Debug|Win32
		{BCD32ADE-606F-4646-B82C-08439526A9F9}.Release|x64.ActiveCfg = Release|x64
		{BCD32ADE-606F-4646-B82C-08439526A9F9}.Release|x64.Build.0 = Release|x64
		{BCD32ADE-606F-4646-B82C-08439526A9F9}.Release|x86.ActiveCfg = Release|Win32
		{BCD32ADE-606F-4646-B82C-08439526A9F9}.Release|x86.Build.0 = Release|Win32
		{B7E21096-E2AA-4858-A39E-855B2B0F4618}.Debug|x64.ActiveCfg = Debug|x64
		{B7E21096-E2AA-4858-A39E-855B2B0F4618}.Debug|x64.Build.0 = Debug|x64
		{B7E21096-E2AA-4858-A39E-855B2B0F4618}.Debug|x86.ActiveCfg = Debug|Win32
		{B7E21096-E2AA-4858-A39E-855B2B0F4618}.Debug|x86.Build.0 = Debug|Win32
		{B7E21096-E2AA-4858-A39E-855B2B0F4618}.Release|x64.ActiveCfg = Release|x64
		{B7E21096-E2AA-4858-A39E-855B2B0F4618}.Release|x64.Build.0 = Release|x64
		{B7E21096-E2AA-4858-A39E-855B2B0F4618}.Release|x86.ActiveCfg = Release|Win32
		{B7E21096-E2AA-4858-A39E-855B2B0F4618}.Release|x86.Build.0 = Release|Win32
		{E0150D40-902A-4D3E-BFDF-BC7AE3C357F9}.Debug|x64.ActiveCfg = Debug|x64
		{E0150D40-902A-4D3E-BFDF-BC7AE3C357F9}.Debug|x64.Build.0 = Debug|x64
		{E0150D40-902A-4D3E-BFDF-BC7AE3C357F9}.Debug|x86.ActiveCfg = Debug|Win32
		{E0150D40-902A-4D3E-BFDF-BC7AE3C357F9}.Debug|x86.Build.0 = Debug|Win32
		{E0150D40-902A-4D3E-BFDF-BC7AE3C357F9}.Release|x64.ActiveCfg = Release|x64
		{E0150D40-902A-4D3E-BFDF-BC7AE3C357F9}.Release|x64.Build.0 = Release|x64
		{E0150D40-902A-4D3E-BFDF-BC7AE3C357F9}.Release|x86.ActiveCfg = Release|Win32
		{E0150D40-902A-4D3E-BFDF-BC7AE3C357F9}.Release|x86.Build.0 = Release|Win32
		{DE7A1EEA-53FD-4FC6-87A7-B784BBEF1E97}.Debug|x64.ActiveCfg = Debug|x64
		{DE7A1EEA-53FD-4FC6-87A7-B784BBEF1E97}.Debug|x64.Build.0 = Debug|x64
		{DE7A1EEA-53FD-4FC6-87A7-B784BBEF1E97}.Debug|x86.ActiveCfg = Debug|Win32
		{DE7A1EEA-53FD-4FC6-87A7-B784BBEF1E97}.Debug|x86.Build.0 = Debug|Win32
		{DE7A1EEA-53FD-4FC6-87A7-B784BBEF1E97}.Release|x64.ActiveCfg = Release|x64
		{DE7A1EEA-53FD-4FC6-87A7-B784BBEF1E97}.Release|x64.Build.0 = Release|x64
		{DE7A1EEA-53FD-4FC6-87A7-B784BBEF1E97}.Release|x86.ActiveCfg = Release|Win32
		{DE7A1EEA-53FD-4FC6-87A7-B784BBEF1E97}.Release|x86.Build.0 = Release|Win32
		{24156A6D-60B7-487A-8B70-D5EDCE92D056}.Debug|x64.ActiveCfg = Debug|x64
		{24156A6D-60B7-487A-8B70-D5EDCE92D056}.Debug|x64.Build.0 = Debug|x64
		{24156A6D-60B7-487A-8B70-D5EDCE92D056}.Debug|x86.ActiveCfg = Debug|Win32
		{24156A6D-60B7-487A-8B70-D5EDCE92D056}.Debug|x86.Build.0 = Debug|Win32
		{24156A6D-60B7-487A-8B70-D5EDCE92D056}.Release|x64.ActiveCfg = Release|x64
		{24156A6D-60B7-487A-8B70-D5EDCE92D056}.Release|x64.Build.0 = Release|x64
		{24156A6D-60B7-487A-8B70-D5EDCE92D056}.Release|x86.ActiveCfg = Release|Win32
		{24156A6D-60B7-487A-8B70-D5EDCE92D056}.Release|x86.Build.0 = Release|Win32
		{F070AC2B-BFFF-4629-9B49-4745E585D1D7}.Debug|x64.ActiveCfg = Debug|x64
		{F070AC2B-BFFF-4629-9B49-4745E585D1D7}.Debug|x64.Build.0 = Debug|x64
		{F070AC2B-BFFF-4629-9B49-4745E585D1D7}.Debug|x86.ActiveCfg = Debug|Win32
		{F070AC2B-BFFF-4629-9B49-4745E585D1D7}.Debug|x86.Build.0 = Debug|Win32
		{F070AC2B-BFFF-4629-9B49-4745E585D1D7}.Release|x64.ActiveCfg = Release|x64
		{F070AC2B-BFFF-4629-9B49-4745E585D1D7}.Release|x64.Build.0 = Release|x64
		{F070AC2B-BFFF-4629-9B49-4745E585D1D7}.Release|x86.ActiveCfg = Release|Win32
		{F070AC2B-BFFF-4629-9B49-4745E585D1D7}.Release|x86.Build.0 = Release|Win32
		{212D5A38-C1A9-4CB4-BF94-8D812A9DF685}.Debug|x64.ActiveCfg = Debug|x64
		{212D5A38-C1A9-4CB4-BF94-8D812A9DF685}.Debug|x64.Build.0 = Debug|x64
		{212D5A38-C1A9-4CB4-BF94-8D812A9DF685}.Debug|x86.ActiveCfg = Debug|Win32
		{212D5A38-C1A9-4CB4-BF94-8D812A9DF685}.Debug|x86.Build.0 = Debug|Win32
		{212D5A38-C1A9-4CB4-BF94-8D812A9DF685}.Release|x64.ActiveCfg = Release|x64
		{212D5A38-C1A9-4CB4-BF94-8D812A9DF685}.Release|x64.Build.0 = Release|x64
		{212D5A38-C1A9-4CB4-BF94-8D812A9DF685}.Release|x86.ActiveCfg = Release|Win32
		{212D5A38-C1A9-4CB4-BF94-8D812A9DF685}.Release|x86.Build.0 = Release|Win32
	EndGlobalSection
	GlobalSection(SolutionProperties) = preSolution
		HideSolutionNode = FALSE
	EndGlobalSection
	GlobalSection(ExtensibilityGlobals) = postSolution
		SolutionGuid = {DA55443D-C066-4ED8-8870-D2A85AD7A486}
	EndGlobalSection
EndGlobal
